// !$*UTF8*$!
{
	archiveVersion = 1;
	classes = {
	};
	objectVersion = 55;
	objects = {

/* Begin PBXBuildFile section */
		A838E067289F9B2200095680 /* Extensions.swift in Sources */ = {isa = PBXBuildFile; fileRef = A838E066289F9B2200095680 /* Extensions.swift */; };
		A838E06B289FA72700095680 /* TitleCollectionViewCell.swift in Sources */ = {isa = PBXBuildFile; fileRef = A838E06A289FA72700095680 /* TitleCollectionViewCell.swift */; };
		A838E06E289FAE2200095680 /* SDWebImage in Frameworks */ = {isa = PBXBuildFile; productRef = A838E06D289FAE2200095680 /* SDWebImage */; };
		A838E070289FAE2200095680 /* SDWebImageMapKit in Frameworks */ = {isa = PBXBuildFile; productRef = A838E06F289FAE2200095680 /* SDWebImageMapKit */; };
		A8807F86289BB4E9003D354A /* AppDelegate.swift in Sources */ = {isa = PBXBuildFile; fileRef = A8807F85289BB4E9003D354A /* AppDelegate.swift */; };
		A8807F88289BB4E9003D354A /* SceneDelegate.swift in Sources */ = {isa = PBXBuildFile; fileRef = A8807F87289BB4E9003D354A /* SceneDelegate.swift */; };
		A8807F8A289BB4E9003D354A /* MainTabBarViewController.swift in Sources */ = {isa = PBXBuildFile; fileRef = A8807F89289BB4E9003D354A /* MainTabBarViewController.swift */; };
		A8807F8F289BB4ED003D354A /* Assets.xcassets in Resources */ = {isa = PBXBuildFile; fileRef = A8807F8E289BB4ED003D354A /* Assets.xcassets */; };
		A8807F92289BB4ED003D354A /* LaunchScreen.storyboard in Resources */ = {isa = PBXBuildFile; fileRef = A8807F90289BB4ED003D354A /* LaunchScreen.storyboard */; };
		A8807F9B289BBE96003D354A /* HomeViewController.swift in Sources */ = {isa = PBXBuildFile; fileRef = A8807F9A289BBE95003D354A /* HomeViewController.swift */; };
		A8807F9D289BBED2003D354A /* UpcomingViewController.swift in Sources */ = {isa = PBXBuildFile; fileRef = A8807F9C289BBED2003D354A /* UpcomingViewController.swift */; };
		A8807F9F289BBF36003D354A /* SearchViewController.swift in Sources */ = {isa = PBXBuildFile; fileRef = A8807F9E289BBF36003D354A /* SearchViewController.swift */; };
		A8807FA1289BBF68003D354A /* DownloadsViewController.swift in Sources */ = {isa = PBXBuildFile; fileRef = A8807FA0289BBF68003D354A /* DownloadsViewController.swift */; };
		A8807FA8289BDD82003D354A /* CollectionViewTableViewCell.swift in Sources */ = {isa = PBXBuildFile; fileRef = A8807FA7289BDD82003D354A /* CollectionViewTableViewCell.swift */; };
		A8807FAA289BFD57003D354A /* HeroHeaderUIView.swift in Sources */ = {isa = PBXBuildFile; fileRef = A8807FA9289BFD57003D354A /* HeroHeaderUIView.swift */; };
		A8807FAC289D37F9003D354A /* APICaller.swift in Sources */ = {isa = PBXBuildFile; fileRef = A8807FAB289D37F9003D354A /* APICaller.swift */; };
		A8807FAE289EF87D003D354A /* Title.swift in Sources */ = {isa = PBXBuildFile; fileRef = A8807FAD289EF87D003D354A /* Title.swift */; };
/* End PBXBuildFile section */

/* Begin PBXFileReference section */
		A838E066289F9B2200095680 /* Extensions.swift */ = {isa = PBXFileReference; lastKnownFileType = sourcecode.swift; path = Extensions.swift; sourceTree = "<group>"; };
		A838E06A289FA72700095680 /* TitleCollectionViewCell.swift */ = {isa = PBXFileReference; lastKnownFileType = sourcecode.swift; path = TitleCollectionViewCell.swift; sourceTree = "<group>"; };
		A8807F82289BB4E9003D354A /* Netflix Clone.app */ = {isa = PBXFileReference; explicitFileType = wrapper.application; includeInIndex = 0; path = "Netflix Clone.app"; sourceTree = BUILT_PRODUCTS_DIR; };
		A8807F85289BB4E9003D354A /* AppDelegate.swift */ = {isa = PBXFileReference; lastKnownFileType = sourcecode.swift; path = AppDelegate.swift; sourceTree = "<group>"; };
		A8807F87289BB4E9003D354A /* SceneDelegate.swift */ = {isa = PBXFileReference; lastKnownFileType = sourcecode.swift; path = SceneDelegate.swift; sourceTree = "<group>"; };
		A8807F89289BB4E9003D354A /* MainTabBarViewController.swift */ = {isa = PBXFileReference; lastKnownFileType = sourcecode.swift; path = MainTabBarViewController.swift; sourceTree = "<group>"; };
		A8807F8E289BB4ED003D354A /* Assets.xcassets */ = {isa = PBXFileReference; lastKnownFileType = folder.assetcatalog; path = Assets.xcassets; sourceTree = "<group>"; };
		A8807F91289BB4ED003D354A /* Base */ = {isa = PBXFileReference; lastKnownFileType = file.storyboard; name = Base; path = Base.lproj/LaunchScreen.storyboard; sourceTree = "<group>"; };
		A8807F93289BB4ED003D354A /* Info.plist */ = {isa = PBXFileReference; lastKnownFileType = text.plist.xml; path = Info.plist; sourceTree = "<group>"; };
		A8807F9A289BBE95003D354A /* HomeViewController.swift */ = {isa = PBXFileReference; lastKnownFileType = sourcecode.swift; path = HomeViewController.swift; sourceTree = "<group>"; };
		A8807F9C289BBED2003D354A /* UpcomingViewController.swift */ = {isa = PBXFileReference; lastKnownFileType = sourcecode.swift; path = UpcomingViewController.swift; sourceTree = "<group>"; };
		A8807F9E289BBF36003D354A /* SearchViewController.swift */ = {isa = PBXFileReference; lastKnownFileType = sourcecode.swift; path = SearchViewController.swift; sourceTree = "<group>"; };
		A8807FA0289BBF68003D354A /* DownloadsViewController.swift */ = {isa = PBXFileReference; lastKnownFileType = sourcecode.swift; path = DownloadsViewController.swift; sourceTree = "<group>"; };
		A8807FA7289BDD82003D354A /* CollectionViewTableViewCell.swift */ = {isa = PBXFileReference; lastKnownFileType = sourcecode.swift; path = CollectionViewTableViewCell.swift; sourceTree = "<group>"; };
		A8807FA9289BFD57003D354A /* HeroHeaderUIView.swift */ = {isa = PBXFileReference; lastKnownFileType = sourcecode.swift; path = HeroHeaderUIView.swift; sourceTree = "<group>"; };
		A8807FAB289D37F9003D354A /* APICaller.swift */ = {isa = PBXFileReference; lastKnownFileType = sourcecode.swift; path = APICaller.swift; sourceTree = "<group>"; };
		A8807FAD289EF87D003D354A /* Title.swift */ = {isa = PBXFileReference; lastKnownFileType = sourcecode.swift; path = Title.swift; sourceTree = "<group>"; };
/* End PBXFileReference section */

/* Begin PBXFrameworksBuildPhase section */
		A8807F7F289BB4E9003D354A /* Frameworks */ = {
			isa = PBXFrameworksBuildPhase;
			buildActionMask = 2147483647;
			files = (
				A838E070289FAE2200095680 /* SDWebImageMapKit in Frameworks */,
				A838E06E289FAE2200095680 /* SDWebImage in Frameworks */,
			);
			runOnlyForDeploymentPostprocessing = 0;
		};
/* End PBXFrameworksBuildPhase section */

/* Begin PBXGroup section */
		A8807F79289BB4E9003D354A = {
			isa = PBXGroup;
			children = (
				A8807F84289BB4E9003D354A /* Netflix Clone */,
				A8807F83289BB4E9003D354A /* Products */,
			);
			sourceTree = "<group>";
		};
		A8807F83289BB4E9003D354A /* Products */ = {
			isa = PBXGroup;
			children = (
				A8807F82289BB4E9003D354A /* Netflix Clone.app */,
			);
			name = Products;
			sourceTree = "<group>";
		};
		A8807F84289BB4E9003D354A /* Netflix Clone */ = {
			isa = PBXGroup;
			children = (
				A8807FA5289BDCAC003D354A /* Managers */,
				A8807FA6289BDCB7003D354A /* Resources */,
				A8807FA4289BDC6F003D354A /* Models */,
				A8807FA2289BDC4F003D354A /* View */,
				A8807FA3289BDC56003D354A /* ViewModels */,
				A8807F99289BBE44003D354A /* Controllers */,
				A8807F85289BB4E9003D354A /* AppDelegate.swift */,
				A8807F87289BB4E9003D354A /* SceneDelegate.swift */,
				A8807F89289BB4E9003D354A /* MainTabBarViewController.swift */,
				A8807F8E289BB4ED003D354A /* Assets.xcassets */,
				A8807F90289BB4ED003D354A /* LaunchScreen.storyboard */,
				A8807F93289BB4ED003D354A /* Info.plist */,
			);
			path = "Netflix Clone";
			sourceTree = "<group>";
		};
		A8807F99289BBE44003D354A /* Controllers */ = {
			isa = PBXGroup;
			children = (
				A8807F9A289BBE95003D354A /* HomeViewController.swift */,
				A8807F9C289BBED2003D354A /* UpcomingViewController.swift */,
				A8807F9E289BBF36003D354A /* SearchViewController.swift */,
				A8807FA0289BBF68003D354A /* DownloadsViewController.swift */,
			);
			path = Controllers;
			sourceTree = "<group>";
		};
		A8807FA2289BDC4F003D354A /* View */ = {
			isa = PBXGroup;
			children = (
				A8807FA7289BDD82003D354A /* CollectionViewTableViewCell.swift */,
				A8807FA9289BFD57003D354A /* HeroHeaderUIView.swift */,
				A838E06A289FA72700095680 /* TitleCollectionViewCell.swift */,
			);
			path = View;
			sourceTree = "<group>";
		};
		A8807FA3289BDC56003D354A /* ViewModels */ = {
			isa = PBXGroup;
			children = (
			);
			path = ViewModels;
			sourceTree = "<group>";
		};
		A8807FA4289BDC6F003D354A /* Models */ = {
			isa = PBXGroup;
			children = (
				A8807FAD289EF87D003D354A /* Title.swift */,
			);
			path = Models;
			sourceTree = "<group>";
		};
		A8807FA5289BDCAC003D354A /* Managers */ = {
			isa = PBXGroup;
			children = (
				A8807FAB289D37F9003D354A /* APICaller.swift */,
			);
			path = Managers;
			sourceTree = "<group>";
		};
		A8807FA6289BDCB7003D354A /* Resources */ = {
			isa = PBXGroup;
			children = (
				A838E066289F9B2200095680 /* Extensions.swift */,
			);
			path = Resources;
			sourceTree = "<group>";
		};
/* End PBXGroup section */

/* Begin PBXNativeTarget section */
		A8807F81289BB4E9003D354A /* Netflix Clone */ = {
			isa = PBXNativeTarget;
			buildConfigurationList = A8807F96289BB4ED003D354A /* Build configuration list for PBXNativeTarget "Netflix Clone" */;
			buildPhases = (
				A8807F7E289BB4E9003D354A /* Sources */,
				A8807F7F289BB4E9003D354A /* Frameworks */,
				A8807F80289BB4E9003D354A /* Resources */,
			);
			buildRules = (
			);
			dependencies = (
			);
			name = "Netflix Clone";
			packageProductDependencies = (
				A838E06D289FAE2200095680 /* SDWebImage */,
				A838E06F289FAE2200095680 /* SDWebImageMapKit */,
			);
			productName = "Netflix Clone";
			productReference = A8807F82289BB4E9003D354A /* Netflix Clone.app */;
			productType = "com.apple.product-type.application";
		};
/* End PBXNativeTarget section */

/* Begin PBXProject section */
		A8807F7A289BB4E9003D354A /* Project object */ = {
			isa = PBXProject;
			attributes = {
				BuildIndependentTargetsInParallel = 1;
				LastSwiftUpdateCheck = 1340;
				LastUpgradeCheck = 1340;
				TargetAttributes = {
					A8807F81289BB4E9003D354A = {
						CreatedOnToolsVersion = 13.4;
					};
				};
			};
			buildConfigurationList = A8807F7D289BB4E9003D354A /* Build configuration list for PBXProject "Netflix Clone" */;
			compatibilityVersion = "Xcode 13.0";
			developmentRegion = en;
			hasScannedForEncodings = 0;
			knownRegions = (
				en,
				Base,
			);
			mainGroup = A8807F79289BB4E9003D354A;
			packageReferences = (
				A838E06C289FAE2200095680 /* XCRemoteSwiftPackageReference "SDWebImage" */,
			);
			productRefGroup = A8807F83289BB4E9003D354A /* Products */;
			projectDirPath = "";
			projectRoot = "";
			targets = (
				A8807F81289BB4E9003D354A /* Netflix Clone */,
			);
		};
/* End PBXProject section */

/* Begin PBXResourcesBuildPhase section */
		A8807F80289BB4E9003D354A /* Resources */ = {
			isa = PBXResourcesBuildPhase;
			buildActionMask = 2147483647;
			files = (
				A8807F92289BB4ED003D354A /* LaunchScreen.storyboard in Resources */,
				A8807F8F289BB4ED003D354A /* Assets.xcassets in Resources */,
			);
			runOnlyForDeploymentPostprocessing = 0;
		};
/* End PBXResourcesBuildPhase section */

/* Begin PBXSourcesBuildPhase section */
		A8807F7E289BB4E9003D354A /* Sources */ = {
			isa = PBXSourcesBuildPhase;
			buildActionMask = 2147483647;
			files = (
				A8807F9F289BBF36003D354A /* SearchViewController.swift in Sources */,
				A838E06B289FA72700095680 /* TitleCollectionViewCell.swift in Sources */,
				A8807F8A289BB4E9003D354A /* MainTabBarViewController.swift in Sources */,
				A8807FA8289BDD82003D354A /* CollectionViewTableViewCell.swift in Sources */,
				A8807FAC289D37F9003D354A /* APICaller.swift in Sources */,
				A8807FAA289BFD57003D354A /* HeroHeaderUIView.swift in Sources */,
				A8807FA1289BBF68003D354A /* DownloadsViewController.swift in Sources */,
				A8807F86289BB4E9003D354A /* AppDelegate.swift in Sources */,
				A838E067289F9B2200095680 /* Extensions.swift in Sources */,
				A8807F88289BB4E9003D354A /* SceneDelegate.swift in Sources */,
				A8807F9D289BBED2003D354A /* UpcomingViewController.swift in Sources */,
				A8807FAE289EF87D003D354A /* Title.swift in Sources */,
				A8807F9B289BBE96003D354A /* HomeViewController.swift in Sources */,
			);
			runOnlyForDeploymentPostprocessing = 0;
		};
/* End PBXSourcesBuildPhase section */

/* Begin PBXVariantGroup section */
		A8807F90289BB4ED003D354A /* LaunchScreen.storyboard */ = {
			isa = PBXVariantGroup;
			children = (
				A8807F91289BB4ED003D354A /* Base */,
			);
			name = LaunchScreen.storyboard;
			sourceTree = "<group>";
		};
/* End PBXVariantGroup section */

/* Begin XCBuildConfiguration section */
		A8807F94289BB4ED003D354A /* Debug */ = {
			isa = XCBuildConfiguration;
			buildSettings = {
				ALWAYS_SEARCH_USER_PATHS = NO;
				CLANG_ANALYZER_NONNULL = YES;
				CLANG_ANALYZER_NUMBER_OBJECT_CONVERSION = YES_AGGRESSIVE;
				CLANG_CXX_LANGUAGE_STANDARD = "gnu++17";
				CLANG_ENABLE_MODULES = YES;
				CLANG_ENABLE_OBJC_ARC = YES;
				CLANG_ENABLE_OBJC_WEAK = YES;
				CLANG_WARN_BLOCK_CAPTURE_AUTORELEASING = YES;
				CLANG_WARN_BOOL_CONVERSION = YES;
				CLANG_WARN_COMMA = YES;
				CLANG_WARN_CONSTANT_CONVERSION = YES;
				CLANG_WARN_DEPRECATED_OBJC_IMPLEMENTATIONS = YES;
				CLANG_WARN_DIRECT_OBJC_ISA_USAGE = YES_ERROR;
				CLANG_WARN_DOCUMENTATION_COMMENTS = YES;
				CLANG_WARN_EMPTY_BODY = YES;
				CLANG_WARN_ENUM_CONVERSION = YES;
				CLANG_WARN_INFINITE_RECURSION = YES;
				CLANG_WARN_INT_CONVERSION = YES;
				CLANG_WARN_NON_LITERAL_NULL_CONVERSION = YES;
				CLANG_WARN_OBJC_IMPLICIT_RETAIN_SELF = YES;
				CLANG_WARN_OBJC_LITERAL_CONVERSION = YES;
				CLANG_WARN_OBJC_ROOT_CLASS = YES_ERROR;
				CLANG_WARN_QUOTED_INCLUDE_IN_FRAMEWORK_HEADER = YES;
				CLANG_WARN_RANGE_LOOP_ANALYSIS = YES;
				CLANG_WARN_STRICT_PROTOTYPES = YES;
				CLANG_WARN_SUSPICIOUS_MOVE = YES;
				CLANG_WARN_UNGUARDED_AVAILABILITY = YES_AGGRESSIVE;
				CLANG_WARN_UNREACHABLE_CODE = YES;
				CLANG_WARN__DUPLICATE_METHOD_MATCH = YES;
				COPY_PHASE_STRIP = NO;
				DEBUG_INFORMATION_FORMAT = dwarf;
				ENABLE_STRICT_OBJC_MSGSEND = YES;
				ENABLE_TESTABILITY = YES;
				GCC_C_LANGUAGE_STANDARD = gnu11;
				GCC_DYNAMIC_NO_PIC = NO;
				GCC_NO_COMMON_BLOCKS = YES;
				GCC_OPTIMIZATION_LEVEL = 0;
				GCC_PREPROCESSOR_DEFINITIONS = (
					"DEBUG=1",
					"$(inherited)",
				);
				GCC_WARN_64_TO_32_BIT_CONVERSION = YES;
				GCC_WARN_ABOUT_RETURN_TYPE = YES_ERROR;
				GCC_WARN_UNDECLARED_SELECTOR = YES;
				GCC_WARN_UNINITIALIZED_AUTOS = YES_AGGRESSIVE;
				GCC_WARN_UNUSED_FUNCTION = YES;
				GCC_WARN_UNUSED_VARIABLE = YES;
				IPHONEOS_DEPLOYMENT_TARGET = 15.5;
				MTL_ENABLE_DEBUG_INFO = INCLUDE_SOURCE;
				MTL_FAST_MATH = YES;
				ONLY_ACTIVE_ARCH = YES;
				SDKROOT = iphoneos;
				SWIFT_ACTIVE_COMPILATION_CONDITIONS = DEBUG;
				SWIFT_OPTIMIZATION_LEVEL = "-Onone";
			};
			name = Debug;
		};
		A8807F95289BB4ED003D354A /* Release */ = {
			isa = XCBuildConfiguration;
			buildSettings = {
				ALWAYS_SEARCH_USER_PATHS = NO;
				CLANG_ANALYZER_NONNULL = YES;
				CLANG_ANALYZER_NUMBER_OBJECT_CONVERSION = YES_AGGRESSIVE;
				CLANG_CXX_LANGUAGE_STANDARD = "gnu++17";
				CLANG_ENABLE_MODULES = YES;
				CLANG_ENABLE_OBJC_ARC = YES;
				CLANG_ENABLE_OBJC_WEAK = YES;
				CLANG_WARN_BLOCK_CAPTURE_AUTORELEASING = YES;
				CLANG_WARN_BOOL_CONVERSION = YES;
				CLANG_WARN_COMMA = YES;
				CLANG_WARN_CONSTANT_CONVERSION = YES;
				CLANG_WARN_DEPRECATED_OBJC_IMPLEMENTATIONS = YES;
				CLANG_WARN_DIRECT_OBJC_ISA_USAGE = YES_ERROR;
				CLANG_WARN_DOCUMENTATION_COMMENTS = YES;
				CLANG_WARN_EMPTY_BODY = YES;
				CLANG_WARN_ENUM_CONVERSION = YES;
				CLANG_WARN_INFINITE_RECURSION = YES;
				CLANG_WARN_INT_CONVERSION = YES;
				CLANG_WARN_NON_LITERAL_NULL_CONVERSION = YES;
				CLANG_WARN_OBJC_IMPLICIT_RETAIN_SELF = YES;
				CLANG_WARN_OBJC_LITERAL_CONVERSION = YES;
				CLANG_WARN_OBJC_ROOT_CLASS = YES_ERROR;
				CLANG_WARN_QUOTED_INCLUDE_IN_FRAMEWORK_HEADER = YES;
				CLANG_WARN_RANGE_LOOP_ANALYSIS = YES;
				CLANG_WARN_STRICT_PROTOTYPES = YES;
				CLANG_WARN_SUSPICIOUS_MOVE = YES;
				CLANG_WARN_UNGUARDED_AVAILABILITY = YES_AGGRESSIVE;
				CLANG_WARN_UNREACHABLE_CODE = YES;
				CLANG_WARN__DUPLICATE_METHOD_MATCH = YES;
				COPY_PHASE_STRIP = NO;
				DEBUG_INFORMATION_FORMAT = "dwarf-with-dsym";
				ENABLE_NS_ASSERTIONS = NO;
				ENABLE_STRICT_OBJC_MSGSEND = YES;
				GCC_C_LANGUAGE_STANDARD = gnu11;
				GCC_NO_COMMON_BLOCKS = YES;
				GCC_WARN_64_TO_32_BIT_CONVERSION = YES;
				GCC_WARN_ABOUT_RETURN_TYPE = YES_ERROR;
				GCC_WARN_UNDECLARED_SELECTOR = YES;
				GCC_WARN_UNINITIALIZED_AUTOS = YES_AGGRESSIVE;
				GCC_WARN_UNUSED_FUNCTION = YES;
				GCC_WARN_UNUSED_VARIABLE = YES;
				IPHONEOS_DEPLOYMENT_TARGET = 15.5;
				MTL_ENABLE_DEBUG_INFO = NO;
				MTL_FAST_MATH = YES;
				SDKROOT = iphoneos;
				SWIFT_COMPILATION_MODE = wholemodule;
				SWIFT_OPTIMIZATION_LEVEL = "-O";
				VALIDATE_PRODUCT = YES;
			};
			name = Release;
		};
		A8807F97289BB4ED003D354A /* Debug */ = {
			isa = XCBuildConfiguration;
			buildSettings = {
				ASSETCATALOG_COMPILER_APPICON_NAME = AppIcon;
				ASSETCATALOG_COMPILER_GLOBAL_ACCENT_COLOR_NAME = AccentColor;
				CODE_SIGN_STYLE = Automatic;
				CURRENT_PROJECT_VERSION = 1;
				GENERATE_INFOPLIST_FILE = YES;
				INFOPLIST_FILE = "Netflix Clone/Info.plist";
				INFOPLIST_KEY_UIApplicationSupportsIndirectInputEvents = YES;
				INFOPLIST_KEY_UILaunchStoryboardName = LaunchScreen;
				INFOPLIST_KEY_UISupportedInterfaceOrientations_iPad = "UIInterfaceOrientationPortrait UIInterfaceOrientationPortraitUpsideDown UIInterfaceOrientationLandscapeLeft UIInterfaceOrientationLandscapeRight";
				INFOPLIST_KEY_UISupportedInterfaceOrientations_iPhone = "UIInterfaceOrientationPortrait UIInterfaceOrientationLandscapeLeft UIInterfaceOrientationLandscapeRight";
				LD_RUNPATH_SEARCH_PATHS = (
					"$(inherited)",
					"@executable_path/Frameworks",
				);
				MARKETING_VERSION = 1.0;
				PRODUCT_BUNDLE_IDENTIFIER = "com.MayankD.Netflix-Clone";
				PRODUCT_NAME = "$(TARGET_NAME)";
				SWIFT_EMIT_LOC_STRINGS = YES;
				SWIFT_VERSION = 5.0;
				TARGETED_DEVICE_FAMILY = "1,2";
			};
			name = Debug;
		};
		A8807F98289BB4ED003D354A /* Release */ = {
			isa = XCBuildConfiguration;
			buildSettings = {
				ASSETCATALOG_COMPILER_APPICON_NAME = AppIcon;
				ASSETCATALOG_COMPILER_GLOBAL_ACCENT_COLOR_NAME = AccentColor;
				CODE_SIGN_STYLE = Automatic;
				CURRENT_PROJECT_VERSION = 1;
				GENERATE_INFOPLIST_FILE = YES;
				INFOPLIST_FILE = "Netflix Clone/Info.plist";
				INFOPLIST_KEY_UIApplicationSupportsIndirectInputEvents = YES;
				INFOPLIST_KEY_UILaunchStoryboardName = LaunchScreen;
				INFOPLIST_KEY_UISupportedInterfaceOrientations_iPad = "UIInterfaceOrientationPortrait UIInterfaceOrientationPortraitUpsideDown UIInterfaceOrientationLandscapeLeft UIInterfaceOrientationLandscapeRight";
				INFOPLIST_KEY_UISupportedInterfaceOrientations_iPhone = "UIInterfaceOrientationPortrait UIInterfaceOrientationLandscapeLeft UIInterfaceOrientationLandscapeRight";
				LD_RUNPATH_SEARCH_PATHS = (
					"$(inherited)",
					"@executable_path/Frameworks",
				);
				MARKETING_VERSION = 1.0;
				PRODUCT_BUNDLE_IDENTIFIER = "com.MayankD.Netflix-Clone";
				PRODUCT_NAME = "$(TARGET_NAME)";
				SWIFT_EMIT_LOC_STRINGS = YES;
				SWIFT_VERSION = 5.0;
				TARGETED_DEVICE_FAMILY = "1,2";
			};
			name = Release;
		};
/* End XCBuildConfiguration section */

/* Begin XCConfigurationList section */
		A8807F7D289BB4E9003D354A /* Build configuration list for PBXProject "Netflix Clone" */ = {
			isa = XCConfigurationList;
			buildConfigurations = (
				A8807F94289BB4ED003D354A /* Debug */,
				A8807F95289BB4ED003D354A /* Release */,
			);
			defaultConfigurationIsVisible = 0;
			defaultConfigurationName = Release;
		};
		A8807F96289BB4ED003D354A /* Build configuration list for PBXNativeTarget "Netflix Clone" */ = {
			isa = XCConfigurationList;
			buildConfigurations = (
				A8807F97289BB4ED003D354A /* Debug */,
				A8807F98289BB4ED003D354A /* Release */,
			);
			defaultConfigurationIsVisible = 0;
			defaultConfigurationName = Release;
		};
/* End XCConfigurationList section */

/* Begin XCRemoteSwiftPackageReference section */
		A838E06C289FAE2200095680 /* XCRemoteSwiftPackageReference "SDWebImage" */ = {
			isa = XCRemoteSwiftPackageReference;
			repositoryURL = "https://github.com/SDWebImage/SDWebImage.git";
			requirement = {
				kind = upToNextMajorVersion;
				minimumVersion = 5.0.0;
			};
		};
/* End XCRemoteSwiftPackageReference section */

/* Begin XCSwiftPackageProductDependency section */
		A838E06D289FAE2200095680 /* SDWebImage */ = {
			isa = XCSwiftPackageProductDependency;
			package = A838E06C289FAE2200095680 /* XCRemoteSwiftPackageReference "SDWebImage" */;
			productName = SDWebImage;
		};
		A838E06F289FAE2200095680 /* SDWebImageMapKit */ = {
			isa = XCSwiftPackageProductDependency;
			package = A838E06C289FAE2200095680 /* XCRemoteSwiftPackageReference "SDWebImage" */;
			productName = SDWebImageMapKit;
		};
/* End XCSwiftPackageProductDependency section */
	};
	rootObject = A8807F7A289BB4E9003D354A /* Project object */;
}
